
Microsoft Visual Studio Solution File, Format Version 12.00
# Visual Studio Version 17
VisualStudioVersion = 17.10.35027.167
MinimumVisualStudioVersion = 10.0.40219.1
Project("{FAE04EC0-301F-11D3-BF4B-00C04F79EFBC}") = "Quieres_ser_mi_novia", "Quieres_ser_mi_novia\Quieres_ser_mi_novia.csproj", "{BD6D1649-DFB7-4958-9B7D-EA214C9D4E99}"
EndProject
Global
	GlobalSection(SolutionConfigurationPlatforms) = preSolution
		Debug|Any CPU = Debug|Any CPU
		Release|Any CPU = Release|Any CPU
	EndGlobalSection
	GlobalSection(ProjectConfigurationPlatforms) = postSolution
		{BD6D1649-DFB7-4958-9B7D-EA214C9D4E99}.Debug|Any CPU.ActiveCfg = Debug|Any CPU
		{BD6D1649-DFB7-4958-9B7D-EA214C9D4E99}.Debug|Any CPU.Build.0 = Debug|Any CPU
		{BD6D1649-DFB7-4958-9B7D-EA214C9D4E99}.Release|Any CPU.ActiveCfg = Release|Any CPU
		{BD6D1649-DFB7-4958-9B7D-EA214C9D4E99}.Release|Any CPU.Build.0 = Release|Any CPU
	EndGlobalSection
	GlobalSection(SolutionProperties) = preSolution
		HideSolutionNode = FALSE
	EndGlobalSection
	GlobalSection(ExtensibilityGlobals) = postSolution
		SolutionGuid = {D7AF9808-1CF7-4748-8F6B-CA793C3ACE2A}
	EndGlobalSection
EndGlobal
